{
  "name": "Luma",
  "lockfileVersion": 3,
  "requires": true,
  "packages": {
    "": {
      "dependencies": {
        "@lumaai/luma-web": "^0.2.2",
        "lucide": "^0.512.0",
        "three": "^0.177.0"
      }
    },
    "node_modules/@lumaai/luma-web": {
      "version": "0.2.2",
      "resolved": "https://registry.npmjs.org/@lumaai/luma-web/-/luma-web-0.2.2.tgz",
      "integrity": "sha512-NTzVK36cfeNVRuBAof6ghMITaVKGggLGp/BXNhx7jyhp5PpBFX9Q46ibw5Caxy+Kvm5xlCkG7ASCboO/ZHy05w==",
      "license": "MIT",
      "peerDependencies": {
        "@types/three": "^0.157.2",
        "three": "^0.157.0"
      }
    },
    "node_modules/lucide": {
      "version": "0.512.0",
      "resolved": "https://registry.npmjs.org/lucide/-/lucide-0.512.0.tgz",
      "integrity": "sha512-xhGlxIyA/kgPGNeqoO4W9dIPNTAHwdA9EHQOoDqnE8+vjGZnKR6YH4u1r0GbpKJozLghE9LFZ8VOHdfMvQJGIQ==",
      "license": "ISC"
    },
    "node_modules/three": {
      "version": "0.177.0",
      "resolved": "https://registry.npmjs.org/three/-/three-0.177.0.tgz",
      "integrity": "sha512-EiXv5/qWAaGI+Vz2A+JfavwYCMdGjxVsrn3oBwllUoqYeaBO75J63ZfyaQKoiLrqNHoTlUc6PFgMXnS0kI45zg==",
      "license": "MIT"
    }
  }
}
